// !$*UTF8*$!
{
	archiveVersion = 1;
	classes = {
	};
	objectVersion = 46;
	objects = {

/* Begin PBXBuildFile section */
		0D2024DD1C6520BD004DA71B /* ForTheSilentNightPSG.mp3 in Resources */ = {isa = PBXBuildFile; fileRef = 0D2024DC1C6520BD004DA71B /* ForTheSilentNightPSG.mp3 */; };
		0DC47DA01C63FD0300AB75C1 /* AppDelegate.swift in Sources */ = {isa = PBXBuildFile; fileRef = 0DC47D9F1C63FD0300AB75C1 /* AppDelegate.swift */; };
		0DC47DA21C63FD0300AB75C1 /* ViewController.swift in Sources */ = {isa = PBXBuildFile; fileRef = 0DC47DA11C63FD0300AB75C1 /* ViewController.swift */; };
		0DC47DA51C63FD0300AB75C1 /* Main.storyboard in Resources */ = {isa = PBXBuildFile; fileRef = 0DC47DA31C63FD0300AB75C1 /* Main.storyboard */; };
		0DC47DA71C63FD0300AB75C1 /* Assets.xcassets in Resources */ = {isa = PBXBuildFile; fileRef = 0DC47DA61C63FD0300AB75C1 /* Assets.xcassets */; };
		0DC47DAA1C63FD0300AB75C1 /* LaunchScreen.storyboard in Resources */ = {isa = PBXBuildFile; fileRef = 0DC47DA81C63FD0300AB75C1 /* LaunchScreen.storyboard */; };
		0DC47DB21C64022100AB75C1 /* Minecraft.ttf in Resources */ = {isa = PBXBuildFile; fileRef = 0DC47DB11C64022100AB75C1 /* Minecraft.ttf */; };
		0DC47DB41C6404F400AB75C1 /* Character.swift in Sources */ = {isa = PBXBuildFile; fileRef = 0DC47DB31C6404F400AB75C1 /* Character.swift */; };
/* End PBXBuildFile section */

/* Begin PBXFileReference section */
		0D2024DC1C6520BD004DA71B /* ForTheSilentNightPSG.mp3 */ = {isa = PBXFileReference; lastKnownFileType = audio.mp3; path = ForTheSilentNightPSG.mp3; sourceTree = "<group>"; };
		0DC47D9C1C63FD0200AB75C1 /* TapAttack.app */ = {isa = PBXFileReference; explicitFileType = wrapper.application; includeInIndex = 0; path = TapAttack.app; sourceTree = BUILT_PRODUCTS_DIR; };
		0DC47D9F1C63FD0300AB75C1 /* AppDelegate.swift */ = {isa = PBXFileReference; lastKnownFileType = sourcecode.swift; path = AppDelegate.swift; sourceTree = "<group>"; };
		0DC47DA11C63FD0300AB75C1 /* ViewController.swift */ = {isa = PBXFileReference; lastKnownFileType = sourcecode.swift; path = ViewController.swift; sourceTree = "<group>"; };
		0DC47DA41C63FD0300AB75C1 /* Base */ = {isa = PBXFileReference; lastKnownFileType = file.storyboard; name = Base; path = Base.lproj/Main.storyboard; sourceTree = "<group>"; };
		0DC47DA61C63FD0300AB75C1 /* Assets.xcassets */ = {isa = PBXFileReference; lastKnownFileType = folder.assetcatalog; path = Assets.xcassets; sourceTree = "<group>"; };
		0DC47DA91C63FD0300AB75C1 /* Base */ = {isa = PBXFileReference; lastKnownFileType = file.storyboard; name = Base; path = Base.lproj/LaunchScreen.storyboard; sourceTree = "<group>"; };
		0DC47DAB1C63FD0300AB75C1 /* Info.plist */ = {isa = PBXFileReference; lastKnownFileType = text.plist.xml; path = Info.plist; sourceTree = "<group>"; };
		0DC47DB11C64022100AB75C1 /* Minecraft.ttf */ = {isa = PBXFileReference; lastKnownFileType = file; path = Minecraft.ttf; sourceTree = "<group>"; };
		0DC47DB31C6404F400AB75C1 /* Character.swift */ = {isa = PBXFileReference; fileEncoding = 4; lastKnownFileType = sourcecode.swift; path = Character.swift; sourceTree = "<group>"; };
/* End PBXFileReference section */

/* Begin PBXFrameworksBuildPhase section */
		0DC47D991C63FD0200AB75C1 /* Frameworks */ = {
			isa = PBXFrameworksBuildPhase;
			buildActionMask = 2147483647;
			files = (
			);
			runOnlyForDeploymentPostprocessing = 0;
		};
/* End PBXFrameworksBuildPhase section */

/* Begin PBXGroup section */
		0DC47D931C63FD0200AB75C1 = {
			isa = PBXGroup;
			children = (
				0DC47D9E1C63FD0300AB75C1 /* TapAttack */,
				0DC47D9D1C63FD0200AB75C1 /* Products */,
			);
			sourceTree = "<group>";
		};
		0DC47D9D1C63FD0200AB75C1 /* Products */ = {
			isa = PBXGroup;
			children = (
				0DC47D9C1C63FD0200AB75C1 /* TapAttack.app */,
			);
			name = Products;
			sourceTree = "<group>";
		};
		0DC47D9E1C63FD0300AB75C1 /* TapAttack */ = {
			isa = PBXGroup;
			children = (
				0DC47D9F1C63FD0300AB75C1 /* AppDelegate.swift */,
				0DC47DA11C63FD0300AB75C1 /* ViewController.swift */,
				0DC47DA31C63FD0300AB75C1 /* Main.storyboard */,
				0DC47DA61C63FD0300AB75C1 /* Assets.xcassets */,
				0DC47DB11C64022100AB75C1 /* Minecraft.ttf */,
				0DC47DA81C63FD0300AB75C1 /* LaunchScreen.storyboard */,
				0DC47DAB1C63FD0300AB75C1 /* Info.plist */,
				0DC47DB31C6404F400AB75C1 /* Character.swift */,
				0D2024DC1C6520BD004DA71B /* ForTheSilentNightPSG.mp3 */,
			);
			path = TapAttack;
			sourceTree = "<group>";
		};
/* End PBXGroup section */

/* Begin PBXNativeTarget section */
		0DC47D9B1C63FD0200AB75C1 /* TapAttack */ = {
			isa = PBXNativeTarget;
			buildConfigurationList = 0DC47DAE1C63FD0300AB75C1 /* Build configuration list for PBXNativeTarget "TapAttack" */;
			buildPhases = (
				0DC47D981C63FD0200AB75C1 /* Sources */,
				0DC47D991C63FD0200AB75C1 /* Frameworks */,
				0DC47D9A1C63FD0200AB75C1 /* Resources */,
			);
			buildRules = (
			);
			dependencies = (
			);
			name = TapAttack;
			productName = TapAttack;
			productReference = 0DC47D9C1C63FD0200AB75C1 /* TapAttack.app */;
			productType = "com.apple.product-type.application";
		};
/* End PBXNativeTarget section */

/* Begin PBXProject section */
		0DC47D941C63FD0200AB75C1 /* Project object */ = {
			isa = PBXProject;
			attributes = {
				LastSwiftUpdateCheck = 0720;
				LastUpgradeCheck = 0720;
				ORGANIZATIONNAME = Ridwan;
				TargetAttributes = {
					0DC47D9B1C63FD0200AB75C1 = {
						CreatedOnToolsVersion = 7.2;
						DevelopmentTeam = 968BQ6J57G;
					};
				};
			};
			buildConfigurationList = 0DC47D971C63FD0200AB75C1 /* Build configuration list for PBXProject "TapAttack" */;
			compatibilityVersion = "Xcode 3.2";
			developmentRegion = English;
			hasScannedForEncodings = 0;
			knownRegions = (
				en,
				Base,
			);
			mainGroup = 0DC47D931C63FD0200AB75C1;
			productRefGroup = 0DC47D9D1C63FD0200AB75C1 /* Products */;
			projectDirPath = "";
			projectRoot = "";
			targets = (
				0DC47D9B1C63FD0200AB75C1 /* TapAttack */,
			);
		};
/* End PBXProject section */

/* Begin PBXResourcesBuildPhase section */
		0DC47D9A1C63FD0200AB75C1 /* Resources */ = {
			isa = PBXResourcesBuildPhase;
			buildActionMask = 2147483647;
			files = (
				0D2024DD1C6520BD004DA71B /* ForTheSilentNightPSG.mp3 in Resources */,
				0DC47DAA1C63FD0300AB75C1 /* LaunchScreen.storyboard in Resources */,
				0DC47DA71C63FD0300AB75C1 /* Assets.xcassets in Resources */,
				0DC47DB21C64022100AB75C1 /* Minecraft.ttf in Resources */,
				0DC47DA51C63FD0300AB75C1 /* Main.storyboard in Resources */,
			);
			runOnlyForDeploymentPostprocessing = 0;
		};
/* End PBXResourcesBuildPhase section */

/* Begin PBXSourcesBuildPhase section */
		0DC47D981C63FD0200AB75C1 /* Sources */ = {
			isa = PBXSourcesBuildPhase;
			buildActionMask = 2147483647;
			files = (
				0DC47DB41C6404F400AB75C1 /* Character.swift in Sources */,
				0DC47DA21C63FD0300AB75C1 /* ViewController.swift in Sources */,
				0DC47DA01C63FD0300AB75C1 /* AppDelegate.swift in Sources */,
			);
			runOnlyForDeploymentPostprocessing = 0;
		};
/* End PBXSourcesBuildPhase section */

/* Begin PBXVariantGroup section */
		0DC47DA31C63FD0300AB75C1 /* Main.storyboard */ = {
			isa = PBXVariantGroup;
			children = (
				0DC47DA41C63FD0300AB75C1 /* Base */,
			);
			name = Main.storyboard;
			sourceTree = "<group>";
		};
		0DC47DA81C63FD0300AB75C1 /* LaunchScreen.storyboard */ = {
			isa = PBXVariantGroup;
			children = (
				0DC47DA91C63FD0300AB75C1 /* Base */,
			);
			name = LaunchScreen.storyboard;
			sourceTree = "<group>";
		};
/* End PBXVariantGroup section */

/* Begin XCBuildConfiguration section */
		0DC47DAC1C63FD0300AB75C1 /* Debug */ = {
			isa = XCBuildConfiguration;
			buildSettings = {
				ALWAYS_SEARCH_USER_PATHS = NO;
				CLANG_CXX_LANGUAGE_STANDARD = "gnu++0x";
				CLANG_CXX_LIBRARY = "libc++";
				CLANG_ENABLE_MODULES = YES;
				CLANG_ENABLE_OBJC_ARC = YES;
				CLANG_WARN_BOOL_CONVERSION = YES;
				CLANG_WARN_CONSTANT_CONVERSION = YES;
				CLANG_WARN_DIRECT_OBJC_ISA_USAGE = YES_ERROR;
				CLANG_WARN_EMPTY_BODY = YES;
				CLANG_WARN_ENUM_CONVERSION = YES;
				CLANG_WARN_INT_CONVERSION = YES;
				CLANG_WARN_OBJC_ROOT_CLASS = YES_ERROR;
				CLANG_WARN_UNREACHABLE_CODE = YES;
				CLANG_WARN__DUPLICATE_METHOD_MATCH = YES;
				"CODE_SIGN_IDENTITY[sdk=iphoneos*]" = "iPhone Developer";
				COPY_PHASE_STRIP = NO;
				DEBUG_INFORMATION_FORMAT = dwarf;
				ENABLE_STRICT_OBJC_MSGSEND = YES;
				ENABLE_TESTABILITY = YES;
				GCC_C_LANGUAGE_STANDARD = gnu99;
				GCC_DYNAMIC_NO_PIC = NO;
				GCC_NO_COMMON_BLOCKS = YES;
				GCC_OPTIMIZATION_LEVEL = 0;
				GCC_PREPROCESSOR_DEFINITIONS = (
					"DEBUG=1",
					"$(inherited)",
				);
				GCC_WARN_64_TO_32_BIT_CONVERSION = YES;
				GCC_WARN_ABOUT_RETURN_TYPE = YES_ERROR;
				GCC_WARN_UNDECLARED_SELECTOR = YES;
				GCC_WARN_UNINITIALIZED_AUTOS = YES_AGGRESSIVE;
				GCC_WARN_UNUSED_FUNCTION = YES;
				GCC_WARN_UNUSED_VARIABLE = YES;
				IPHONEOS_DEPLOYMENT_TARGET = 9.2;
				MTL_ENABLE_DEBUG_INFO = YES;
				ONLY_ACTIVE_ARCH = YES;
				SDKROOT = iphoneos;
				SWIFT_OPTIMIZATION_LEVEL = "-Onone";
			};
			name = Debug;
		};
		0DC47DAD1C63FD0300AB75C1 /* Release */ = {
			isa = XCBuildConfiguration;
			buildSettings = {
				ALWAYS_SEARCH_USER_PATHS = NO;
				CLANG_CXX_LANGUAGE_STANDARD = "gnu++0x";
				CLANG_CXX_LIBRARY = "libc++";
				CLANG_ENABLE_MODULES = YES;
				CLANG_ENABLE_OBJC_ARC = YES;
				CLANG_WARN_BOOL_CONVERSION = YES;
				CLANG_WARN_CONSTANT_CONVERSION = YES;
				CLANG_WARN_DIRECT_OBJC_ISA_USAGE = YES_ERROR;
				CLANG_WARN_EMPTY_BODY = YES;
				CLANG_WARN_ENUM_CONVERSION = YES;
				CLANG_WARN_INT_CONVERSION = YES;
				CLANG_WARN_OBJC_ROOT_CLASS = YES_ERROR;
				CLANG_WARN_UNREACHABLE_CODE = YES;
				CLANG_WARN__DUPLICATE_METHOD_MATCH = YES;
				"CODE_SIGN_IDENTITY[sdk=iphoneos*]" = "iPhone Developer";
				COPY_PHASE_STRIP = NO;
				DEBUG_INFORMATION_FORMAT = "dwarf-with-dsym";
				ENABLE_NS_ASSERTIONS = NO;
				ENABLE_STRICT_OBJC_MSGSEND = YES;
				GCC_C_LANGUAGE_STANDARD = gnu99;
				GCC_NO_COMMON_BLOCKS = YES;
				GCC_WARN_64_TO_32_BIT_CONVERSION = YES;
				GCC_WARN_ABOUT_RETURN_TYPE = YES_ERROR;
				GCC_WARN_UNDECLARED_SELECTOR = YES;
				GCC_WARN_UNINITIALIZED_AUTOS = YES_AGGRESSIVE;
				GCC_WARN_UNUSED_FUNCTION = YES;
				GCC_WARN_UNUSED_VARIABLE = YES;
				IPHONEOS_DEPLOYMENT_TARGET = 9.2;
				MTL_ENABLE_DEBUG_INFO = NO;
				SDKROOT = iphoneos;
				VALIDATE_PRODUCT = YES;
			};
			name = Release;
		};
		0DC47DAF1C63FD0300AB75C1 /* Debug */ = {
			isa = XCBuildConfiguration;
			buildSettings = {
				ASSETCATALOG_COMPILER_APPICON_NAME = AppIcon;
				INFOPLIST_FILE = TapAttack/Info.plist;
				LD_RUNPATH_SEARCH_PATHS = "$(inherited) @executable_path/Frameworks";
				PRODUCT_BUNDLE_IDENTIFIER = co.uk.ridwan.TapAttack;
				PRODUCT_NAME = "$(TARGET_NAME)";
			};
			name = Debug;
		};
		0DC47DB01C63FD0300AB75C1 /* Release */ = {
			isa = XCBuildConfiguration;
			buildSettings = {
				ASSETCATALOG_COMPILER_APPICON_NAME = AppIcon;
				INFOPLIST_FILE = TapAttack/Info.plist;
				LD_RUNPATH_SEARCH_PATHS = "$(inherited) @executable_path/Frameworks";
				PRODUCT_BUNDLE_IDENTIFIER = co.uk.ridwan.TapAttack;
				PRODUCT_NAME = "$(TARGET_NAME)";
			};
			name = Release;
		};
/* End XCBuildConfiguration section */

/* Begin XCConfigurationList section */
		0DC47D971C63FD0200AB75C1 /* Build configuration list for PBXProject "TapAttack" */ = {
			isa = XCConfigurationList;
			buildConfigurations = (
				0DC47DAC1C63FD0300AB75C1 /* Debug */,
				0DC47DAD1C63FD0300AB75C1 /* Release */,
			);
			defaultConfigurationIsVisible = 0;
			defaultConfigurationName = Release;
		};
		0DC47DAE1C63FD0300AB75C1 /* Build configuration list for PBXNativeTarget "TapAttack" */ = {
			isa = XCConfigurationList;
			buildConfigurations = (
				0DC47DAF1C63FD0300AB75C1 /* Debug */,
				0DC47DB01C63FD0300AB75C1 /* Release */,
			);
			defaultConfigurationIsVisible = 0;
			defaultConfigurationName = Release;
		};
/* End XCConfigurationList section */
	};
	rootObject = 0DC47D941C63FD0200AB75C1 /* Project object */;
}
